{
  "name": "Delivery_App",
  "lockfileVersion": 3,
  "requires": true,
  "packages": {
    "": {
      "dependencies": {
        "class-validator": "^0.14.1"
      }
    },
    "node_modules/@types/validator": {
      "version": "13.15.0",
      "resolved": "https://registry.npmjs.org/@types/validator/-/validator-13.15.0.tgz",
      "integrity": "sha512-nh7nrWhLr6CBq9ldtw0wx+z9wKnnv/uTVLA9g/3/TcOYxbpOSZE+MhKPmWqU+K0NvThjhv12uD8MuqijB0WzEA==",
      "license": "MIT"
    },
    "node_modules/class-validator": {
      "version": "0.14.1",
      "resolved": "https://registry.npmjs.org/class-validator/-/class-validator-0.14.1.tgz",
      "integrity": "sha512-2VEG9JICxIqTpoK1eMzZqaV+u/EiwEJkMGzTrZf6sU/fwsnOITVgYJ8yojSy6CaXtO9V0Cc6ZQZ8h8m4UBuLwQ==",
      "license": "MIT",
      "dependencies": {
        "@types/validator": "^13.11.8",
        "libphonenumber-js": "^1.10.53",
        "validator": "^13.9.0"
      }
    },
    "node_modules/libphonenumber-js": {
      "version": "1.12.7",
      "resolved": "https://registry.npmjs.org/libphonenumber-js/-/libphonenumber-js-1.12.7.tgz",
      "integrity": "sha512-0nYZSNj/QEikyhcM5RZFXGlCB/mr4PVamnT1C2sKBnDDTYndrvbybYjvg+PMqAndQHlLbwQ3socolnL3WWTUFA==",
      "license": "MIT"
    },
    "node_modules/validator": {
      "version": "13.15.0",
      "resolved": "https://registry.npmjs.org/validator/-/validator-13.15.0.tgz",
      "integrity": "sha512-36B2ryl4+oL5QxZ3AzD0t5SsMNGvTtQHpjgFO5tbNxfXbMFkY822ktCDe1MnlqV3301QQI9SLHDNJokDI+Z9pA==",
      "license": "MIT",
      "engines": {
        "node": ">= 0.10"
      }
    }
  }
}
